
Microsoft Visual Studio Solution File, Format Version 12.00
# Visual Studio Version 17
VisualStudioVersion = 17.2.32630.192
MinimumVisualStudioVersion = 10.0.40219.1
Project("{FAE04EC0-301F-11D3-BF4B-00C04F79EFBC}") = "BlazorApp1.Server", "BlazorApp1\Server\BlazorApp1.Server.csproj", "{3EE4C692-5437-49DE-BC41-DDA4E4E975FA}"
EndProject
Project("{FAE04EC0-301F-11D3-BF4B-00C04F79EFBC}") = "BlazorApp1.Client", "BlazorApp1\Client\BlazorApp1.Client.csproj", "{FBDE537D-D0C2-4B7B-AD4C-846B11297B62}"
EndProject
Project("{FAE04EC0-301F-11D3-BF4B-00C04F79EFBC}") = "BlazorApp1.Shared", "BlazorApp1\Shared\BlazorApp1.Shared.csproj", "{53D4AB46-3B98-4468-A7F9-8F8DA19CA01F}"
EndProject
Global
	GlobalSection(SolutionConfigurationPlatforms) = preSolution
		Debug|Any CPU = Debug|Any CPU
		Release|Any CPU = Release|Any CPU
	EndGlobalSection
	GlobalSection(ProjectConfigurationPlatforms) = postSolution
		{3EE4C692-5437-49DE-BC41-DDA4E4E975FA}.Debug|Any CPU.ActiveCfg = Debug|Any CPU
		{3EE4C692-5437-49DE-BC41-DDA4E4E975FA}.Debug|Any CPU.Build.0 = Debug|Any CPU
		{3EE4C692-5437-49DE-BC41-DDA4E4E975FA}.Release|Any CPU.ActiveCfg = Release|Any CPU
		{3EE4C692-5437-49DE-BC41-DDA4E4E975FA}.Release|Any CPU.Build.0 = Release|Any CPU
		{FBDE537D-D0C2-4B7B-AD4C-846B11297B62}.Debug|Any CPU.ActiveCfg = Debug|Any CPU
		{FBDE537D-D0C2-4B7B-AD4C-846B11297B62}.Debug|Any CPU.Build.0 = Debug|Any CPU
		{FBDE537D-D0C2-4B7B-AD4C-846B11297B62}.Release|Any CPU.ActiveCfg = Release|Any CPU
		{FBDE537D-D0C2-4B7B-AD4C-846B11297B62}.Release|Any CPU.Build.0 = Release|Any CPU
		{53D4AB46-3B98-4468-A7F9-8F8DA19CA01F}.Debug|Any CPU.ActiveCfg = Debug|Any CPU
		{53D4AB46-3B98-4468-A7F9-8F8DA19CA01F}.Debug|Any CPU.Build.0 = Debug|Any CPU
		{53D4AB46-3B98-4468-A7F9-8F8DA19CA01F}.Release|Any CPU.ActiveCfg = Release|Any CPU
		{53D4AB46-3B98-4468-A7F9-8F8DA19CA01F}.Release|Any CPU.Build.0 = Release|Any CPU
	EndGlobalSection
	GlobalSection(SolutionProperties) = preSolution
		HideSolutionNode = FALSE
	EndGlobalSection
	GlobalSection(ExtensibilityGlobals) = postSolution
		SolutionGuid = {4DA16C8F-4E9A-4512-85B8-C4DAE4D51683}
	EndGlobalSection
EndGlobal
